
Microsoft Visual Studio Solution File, Format Version 12.00
Project("{FAE04EC0-301F-11D3-BF4B-00C04F79EFBC}") = "QueueManager.DiscordBot", "QueueManager.DiscordBot\QueueManager.DiscordBot.csproj", "{DA094ADC-EF58-4F90-BDDD-02C32DC2742D}"
EndProject
Global
	GlobalSection(SolutionConfigurationPlatforms) = preSolution
		Debug|Any CPU = Debug|Any CPU
		Release|Any CPU = Release|Any CPU
	EndGlobalSection
	GlobalSection(ProjectConfigurationPlatforms) = postSolution
		{DA094ADC-EF58-4F90-BDDD-02C32DC2742D}.Debug|Any CPU.ActiveCfg = Debug|Any CPU
		{DA094ADC-EF58-4F90-BDDD-02C32DC2742D}.Debug|Any CPU.Build.0 = Debug|Any CPU
		{DA094ADC-EF58-4F90-BDDD-02C32DC2742D}.Release|Any CPU.ActiveCfg = Release|Any CPU
		{DA094ADC-EF58-4F90-BDDD-02C32DC2742D}.Release|Any CPU.Build.0 = Release|Any CPU
	EndGlobalSection
EndGlobal
